{
  "originHash" : "af0c5fcb703014e71d5338816fedd3faee8ecc396784cfd3d9b6cfca1cf4ab59",
  "pins" : [
    {
      "identity" : "swift-syntax",
      "kind" : "remoteSourceControl",
      "location" : "https://github.com/apple/swift-syntax.git",
      "state" : {
        "branch" : "main",
        "revision" : "801b53578aeaf1f44bd17f8846c02ddc755a2fb0"
      }
    }
  ],
  "version" : 3
}
