{
  "originHash" : "9d951189eae929047d94fa81a51b575927913d1671daadf1768b185339464081",
  "pins" : [
    {
      "identity" : "swift-syntax",
      "kind" : "remoteSourceControl",
      "location" : "https://github.com/apple/swift-syntax.git",
      "state" : {
        "branch" : "main",
        "revision" : "d145cb2a6efb5c8d45cd5df5f494a89c93c90758"
      }
    }
  ],
  "version" : 3
}
